
Microsoft Visual Studio Solution File, Format Version 12.00
# Visual Studio Version 17
VisualStudioVersion = 17.6.33829.357
MinimumVisualStudioVersion = 10.0.40219.1
Project("{FAE04EC0-301F-11D3-BF4B-00C04F79EFBC}") = "Pokemones", "Pokemones\Pokemones.csproj", "{4ABC2C45-2474-4A04-855E-1B0813C6A042}"
EndProject
Project("{FAE04EC0-301F-11D3-BF4B-00C04F79EFBC}") = "Dominio", "Dominio\Dominio.csproj", "{0570B9AC-643E-4479-AD57-5978F356B554}"
EndProject
Project("{FAE04EC0-301F-11D3-BF4B-00C04F79EFBC}") = "Negocio", "Negocio\Negocio.csproj", "{52FE49F7-6BAF-4C6B-AB13-87FAE0100336}"
EndProject
Global
	GlobalSection(SolutionConfigurationPlatforms) = preSolution
		Debug|Any CPU = Debug|Any CPU
		Release|Any CPU = Release|Any CPU
	EndGlobalSection
	GlobalSection(ProjectConfigurationPlatforms) = postSolution
		{4ABC2C45-2474-4A04-855E-1B0813C6A042}.Debug|Any CPU.ActiveCfg = Debug|Any CPU
		{4ABC2C45-2474-4A04-855E-1B0813C6A042}.Debug|Any CPU.Build.0 = Debug|Any CPU
		{4ABC2C45-2474-4A04-855E-1B0813C6A042}.Release|Any CPU.ActiveCfg = Release|Any CPU
		{4ABC2C45-2474-4A04-855E-1B0813C6A042}.Release|Any CPU.Build.0 = Release|Any CPU
		{0570B9AC-643E-4479-AD57-5978F356B554}.Debug|Any CPU.ActiveCfg = Debug|Any CPU
		{0570B9AC-643E-4479-AD57-5978F356B554}.Debug|Any CPU.Build.0 = Debug|Any CPU
		{0570B9AC-643E-4479-AD57-5978F356B554}.Release|Any CPU.ActiveCfg = Release|Any CPU
		{0570B9AC-643E-4479-AD57-5978F356B554}.Release|Any CPU.Build.0 = Release|Any CPU
		{52FE49F7-6BAF-4C6B-AB13-87FAE0100336}.Debug|Any CPU.ActiveCfg = Debug|Any CPU
		{52FE49F7-6BAF-4C6B-AB13-87FAE0100336}.Debug|Any CPU.Build.0 = Debug|Any CPU
		{52FE49F7-6BAF-4C6B-AB13-87FAE0100336}.Release|Any CPU.ActiveCfg = Release|Any CPU
		{52FE49F7-6BAF-4C6B-AB13-87FAE0100336}.Release|Any CPU.Build.0 = Release|Any CPU
	EndGlobalSection
	GlobalSection(SolutionProperties) = preSolution
		HideSolutionNode = FALSE
	EndGlobalSection
	GlobalSection(ExtensibilityGlobals) = postSolution
		SolutionGuid = {005BFABF-72EF-4F61-B1E5-83FF96297EF2}
	EndGlobalSection
EndGlobal
